
Microsoft Visual Studio Solution File, Format Version 12.00
# Visual Studio Version 17
VisualStudioVersion = 17.8.34511.84
MinimumVisualStudioVersion = 10.0.40219.1
Project("{9A19103F-16F7-4668-BE54-9A1E7A4F7556}") = "Gwards.Api", "Gwards.Api\Gwards.Api.csproj", "{4B97C88E-C779-458A-A695-CB2EAB76DEA0}"
EndProject
Project("{9A19103F-16F7-4668-BE54-9A1E7A4F7556}") = "Gwards.DAL", "Gwards.DAL\Gwards.DAL.csproj", "{7F6FC44B-22C4-4A00-B884-E35532C5A468}"
EndProject
Project("{FAE04EC0-301F-11D3-BF4B-00C04F79EFBC}") = "Gward.Common", "Gward.Common\Gward.Common.csproj", "{0DDCA1CF-6941-4F71-AAC8-693BF7CDBA58}"
EndProject
Global
	GlobalSection(SolutionConfigurationPlatforms) = preSolution
		Debug|Any CPU = Debug|Any CPU
		Release|Any CPU = Release|Any CPU
	EndGlobalSection
	GlobalSection(ProjectConfigurationPlatforms) = postSolution
		{4B97C88E-C779-458A-A695-CB2EAB76DEA0}.Debug|Any CPU.ActiveCfg = Debug|Any CPU
		{4B97C88E-C779-458A-A695-CB2EAB76DEA0}.Debug|Any CPU.Build.0 = Debug|Any CPU
		{4B97C88E-C779-458A-A695-CB2EAB76DEA0}.Release|Any CPU.ActiveCfg = Release|Any CPU
		{4B97C88E-C779-458A-A695-CB2EAB76DEA0}.Release|Any CPU.Build.0 = Release|Any CPU
		{7F6FC44B-22C4-4A00-B884-E35532C5A468}.Debug|Any CPU.ActiveCfg = Debug|Any CPU
		{7F6FC44B-22C4-4A00-B884-E35532C5A468}.Debug|Any CPU.Build.0 = Debug|Any CPU
		{7F6FC44B-22C4-4A00-B884-E35532C5A468}.Release|Any CPU.ActiveCfg = Release|Any CPU
		{7F6FC44B-22C4-4A00-B884-E35532C5A468}.Release|Any CPU.Build.0 = Release|Any CPU
		{0DDCA1CF-6941-4F71-AAC8-693BF7CDBA58}.Debug|Any CPU.ActiveCfg = Debug|Any CPU
		{0DDCA1CF-6941-4F71-AAC8-693BF7CDBA58}.Debug|Any CPU.Build.0 = Debug|Any CPU
		{0DDCA1CF-6941-4F71-AAC8-693BF7CDBA58}.Release|Any CPU.ActiveCfg = Release|Any CPU
		{0DDCA1CF-6941-4F71-AAC8-693BF7CDBA58}.Release|Any CPU.Build.0 = Release|Any CPU
	EndGlobalSection
	GlobalSection(SolutionProperties) = preSolution
		HideSolutionNode = FALSE
	EndGlobalSection
	GlobalSection(ExtensibilityGlobals) = postSolution
		SolutionGuid = {C712DCE7-85E9-4B83-892B-E926F95CCBCD}
	EndGlobalSection
	GlobalSection(NestedProjects) = preSolution
	EndGlobalSection
EndGlobal
